// !$*UTF8*$!
{
	archiveVersion = 1;
	classes = {
	};
	objectVersion = 46;
	objects = {

/* Begin PBXBuildFile section */
		B04FD0841DBE40C0004F424D /* Entry.swift in Sources */ = {isa = PBXBuildFile; fileRef = B04FD0831DBE40C0004F424D /* Entry.swift */; };
		B04FD0861DBE4440004F424D /* ListViewController.swift in Sources */ = {isa = PBXBuildFile; fileRef = B04FD0851DBE4440004F424D /* ListViewController.swift */; };
		B0B128301DBB6AC5007617F6 /* Log.framework in Frameworks */ = {isa = PBXBuildFile; fileRef = B0B1282F1DBB6AC5007617F6 /* Log.framework */; };
		B0B128311DBB6AC5007617F6 /* Log.framework in Embed Frameworks */ = {isa = PBXBuildFile; fileRef = B0B1282F1DBB6AC5007617F6 /* Log.framework */; settings = {ATTRIBUTES = (CodeSignOnCopy, RemoveHeadersOnCopy, ); }; };
		B0B128331DBB8F02007617F6 /* KYShutterButton.swift in Sources */ = {isa = PBXBuildFile; fileRef = B0B128321DBB8F02007617F6 /* KYShutterButton.swift */; };
		B0C472971DBB406300AFC498 /* AppDelegate.swift in Sources */ = {isa = PBXBuildFile; fileRef = B0C472961DBB406300AFC498 /* AppDelegate.swift */; };
		B0C472991DBB406300AFC498 /* TopViewController.swift in Sources */ = {isa = PBXBuildFile; fileRef = B0C472981DBB406300AFC498 /* TopViewController.swift */; };
		B0C4729C1DBB406300AFC498 /* Main.storyboard in Resources */ = {isa = PBXBuildFile; fileRef = B0C4729A1DBB406300AFC498 /* Main.storyboard */; };
		B0C4729E1DBB406300AFC498 /* Assets.xcassets in Resources */ = {isa = PBXBuildFile; fileRef = B0C4729D1DBB406300AFC498 /* Assets.xcassets */; };
		B0C472A11DBB406300AFC498 /* LaunchScreen.storyboard in Resources */ = {isa = PBXBuildFile; fileRef = B0C4729F1DBB406300AFC498 /* LaunchScreen.storyboard */; };
		B0C472B11DBB4ECA00AFC498 /* Async.framework in Frameworks */ = {isa = PBXBuildFile; fileRef = B0C472AC1DBB4ECA00AFC498 /* Async.framework */; };
		B0C472B21DBB4ECA00AFC498 /* Async.framework in Embed Frameworks */ = {isa = PBXBuildFile; fileRef = B0C472AC1DBB4ECA00AFC498 /* Async.framework */; settings = {ATTRIBUTES = (CodeSignOnCopy, RemoveHeadersOnCopy, ); }; };
		B0C472B31DBB4ECA00AFC498 /* Realm.framework in Frameworks */ = {isa = PBXBuildFile; fileRef = B0C472AD1DBB4ECA00AFC498 /* Realm.framework */; };
		B0C472B41DBB4ECA00AFC498 /* Realm.framework in Embed Frameworks */ = {isa = PBXBuildFile; fileRef = B0C472AD1DBB4ECA00AFC498 /* Realm.framework */; settings = {ATTRIBUTES = (CodeSignOnCopy, RemoveHeadersOnCopy, ); }; };
		B0C472B51DBB4ECA00AFC498 /* RealmSwift.framework in Frameworks */ = {isa = PBXBuildFile; fileRef = B0C472AE1DBB4ECA00AFC498 /* RealmSwift.framework */; };
		B0C472B61DBB4ECA00AFC498 /* RealmSwift.framework in Embed Frameworks */ = {isa = PBXBuildFile; fileRef = B0C472AE1DBB4ECA00AFC498 /* RealmSwift.framework */; settings = {ATTRIBUTES = (CodeSignOnCopy, RemoveHeadersOnCopy, ); }; };
		B0C472B71DBB4ECA00AFC498 /* RxCocoa.framework in Frameworks */ = {isa = PBXBuildFile; fileRef = B0C472AF1DBB4ECA00AFC498 /* RxCocoa.framework */; };
		B0C472B81DBB4ECA00AFC498 /* RxCocoa.framework in Embed Frameworks */ = {isa = PBXBuildFile; fileRef = B0C472AF1DBB4ECA00AFC498 /* RxCocoa.framework */; settings = {ATTRIBUTES = (CodeSignOnCopy, RemoveHeadersOnCopy, ); }; };
		B0C472B91DBB4ECA00AFC498 /* RxSwift.framework in Frameworks */ = {isa = PBXBuildFile; fileRef = B0C472B01DBB4ECA00AFC498 /* RxSwift.framework */; };
		B0C472BA1DBB4ECA00AFC498 /* RxSwift.framework in Embed Frameworks */ = {isa = PBXBuildFile; fileRef = B0C472B01DBB4ECA00AFC498 /* RxSwift.framework */; settings = {ATTRIBUTES = (CodeSignOnCopy, RemoveHeadersOnCopy, ); }; };
		B0C472C01DBB502D00AFC498 /* Utility.swift in Sources */ = {isa = PBXBuildFile; fileRef = B0C472BF1DBB502D00AFC498 /* Utility.swift */; };
		B0D569741DBB64520066DA96 /* EditViewController.swift in Sources */ = {isa = PBXBuildFile; fileRef = B0D569731DBB64520066DA96 /* EditViewController.swift */; };
		B0D569761DBB68480066DA96 /* Configure.swift in Sources */ = {isa = PBXBuildFile; fileRef = B0D569751DBB68480066DA96 /* Configure.swift */; };
/* End PBXBuildFile section */

/* Begin PBXCopyFilesBuildPhase section */
		B0C472BB1DBB4ECA00AFC498 /* Embed Frameworks */ = {
			isa = PBXCopyFilesBuildPhase;
			buildActionMask = 2147483647;
			dstPath = "";
			dstSubfolderSpec = 10;
			files = (
				B0C472BA1DBB4ECA00AFC498 /* RxSwift.framework in Embed Frameworks */,
				B0C472B81DBB4ECA00AFC498 /* RxCocoa.framework in Embed Frameworks */,
				B0C472B41DBB4ECA00AFC498 /* Realm.framework in Embed Frameworks */,
				B0C472B21DBB4ECA00AFC498 /* Async.framework in Embed Frameworks */,
				B0C472B61DBB4ECA00AFC498 /* RealmSwift.framework in Embed Frameworks */,
				B0B128311DBB6AC5007617F6 /* Log.framework in Embed Frameworks */,
			);
			name = "Embed Frameworks";
			runOnlyForDeploymentPostprocessing = 0;
		};
/* End PBXCopyFilesBuildPhase section */

/* Begin PBXFileReference section */
		B04FD0831DBE40C0004F424D /* Entry.swift */ = {isa = PBXFileReference; fileEncoding = 4; lastKnownFileType = sourcecode.swift; name = Entry.swift; path = Model/Entry.swift; sourceTree = "<group>"; };
		B04FD0851DBE4440004F424D /* ListViewController.swift */ = {isa = PBXFileReference; fileEncoding = 4; lastKnownFileType = sourcecode.swift; name = ListViewController.swift; path = Controller/ListViewController.swift; sourceTree = "<group>"; };
		B0B1282F1DBB6AC5007617F6 /* Log.framework */ = {isa = PBXFileReference; lastKnownFileType = wrapper.framework; name = Log.framework; path = Carthage/Build/iOS/Log.framework; sourceTree = "<group>"; };
		B0B128321DBB8F02007617F6 /* KYShutterButton.swift */ = {isa = PBXFileReference; fileEncoding = 4; lastKnownFileType = sourcecode.swift; name = KYShutterButton.swift; path = Helper/KYShutterButton.swift; sourceTree = "<group>"; };
		B0C472931DBB406300AFC498 /* QuickSpeechMemo.app */ = {isa = PBXFileReference; explicitFileType = wrapper.application; includeInIndex = 0; path = QuickSpeechMemo.app; sourceTree = BUILT_PRODUCTS_DIR; };
		B0C472961DBB406300AFC498 /* AppDelegate.swift */ = {isa = PBXFileReference; lastKnownFileType = sourcecode.swift; path = AppDelegate.swift; sourceTree = "<group>"; };
		B0C472981DBB406300AFC498 /* TopViewController.swift */ = {isa = PBXFileReference; lastKnownFileType = sourcecode.swift; name = TopViewController.swift; path = Controller/TopViewController.swift; sourceTree = "<group>"; };
		B0C4729B1DBB406300AFC498 /* Base */ = {isa = PBXFileReference; lastKnownFileType = file.storyboard; name = Base; path = Base.lproj/Main.storyboard; sourceTree = "<group>"; };
		B0C4729D1DBB406300AFC498 /* Assets.xcassets */ = {isa = PBXFileReference; lastKnownFileType = folder.assetcatalog; path = Assets.xcassets; sourceTree = "<group>"; };
		B0C472A01DBB406300AFC498 /* Base */ = {isa = PBXFileReference; lastKnownFileType = file.storyboard; name = Base; path = Base.lproj/LaunchScreen.storyboard; sourceTree = "<group>"; };
		B0C472A21DBB406300AFC498 /* Info.plist */ = {isa = PBXFileReference; lastKnownFileType = text.plist.xml; path = Info.plist; sourceTree = "<group>"; };
		B0C472AC1DBB4ECA00AFC498 /* Async.framework */ = {isa = PBXFileReference; lastKnownFileType = wrapper.framework; name = Async.framework; path = Carthage/Build/iOS/Async.framework; sourceTree = "<group>"; };
		B0C472AD1DBB4ECA00AFC498 /* Realm.framework */ = {isa = PBXFileReference; lastKnownFileType = wrapper.framework; name = Realm.framework; path = Carthage/Build/iOS/Realm.framework; sourceTree = "<group>"; };
		B0C472AE1DBB4ECA00AFC498 /* RealmSwift.framework */ = {isa = PBXFileReference; lastKnownFileType = wrapper.framework; name = RealmSwift.framework; path = Carthage/Build/iOS/RealmSwift.framework; sourceTree = "<group>"; };
		B0C472AF1DBB4ECA00AFC498 /* RxCocoa.framework */ = {isa = PBXFileReference; lastKnownFileType = wrapper.framework; name = RxCocoa.framework; path = Carthage/Build/iOS/RxCocoa.framework; sourceTree = "<group>"; };
		B0C472B01DBB4ECA00AFC498 /* RxSwift.framework */ = {isa = PBXFileReference; lastKnownFileType = wrapper.framework; name = RxSwift.framework; path = Carthage/Build/iOS/RxSwift.framework; sourceTree = "<group>"; };
		B0C472BF1DBB502D00AFC498 /* Utility.swift */ = {isa = PBXFileReference; fileEncoding = 4; lastKnownFileType = sourcecode.swift; name = Utility.swift; path = Helper/Utility.swift; sourceTree = "<group>"; };
		B0D569731DBB64520066DA96 /* EditViewController.swift */ = {isa = PBXFileReference; fileEncoding = 4; lastKnownFileType = sourcecode.swift; name = EditViewController.swift; path = Controller/EditViewController.swift; sourceTree = "<group>"; };
		B0D569751DBB68480066DA96 /* Configure.swift */ = {isa = PBXFileReference; fileEncoding = 4; lastKnownFileType = sourcecode.swift; path = Configure.swift; sourceTree = "<group>"; };
/* End PBXFileReference section */

/* Begin PBXFrameworksBuildPhase section */
		B0C472901DBB406300AFC498 /* Frameworks */ = {
			isa = PBXFrameworksBuildPhase;
			buildActionMask = 2147483647;
			files = (
				B0C472B91DBB4ECA00AFC498 /* RxSwift.framework in Frameworks */,
				B0C472B71DBB4ECA00AFC498 /* RxCocoa.framework in Frameworks */,
				B0C472B31DBB4ECA00AFC498 /* Realm.framework in Frameworks */,
				B0C472B11DBB4ECA00AFC498 /* Async.framework in Frameworks */,
				B0C472B51DBB4ECA00AFC498 /* RealmSwift.framework in Frameworks */,
				B0B128301DBB6AC5007617F6 /* Log.framework in Frameworks */,
			);
			runOnlyForDeploymentPostprocessing = 0;
		};
/* End PBXFrameworksBuildPhase section */

/* Begin PBXGroup section */
		B0C4728A1DBB406200AFC498 = {
			isa = PBXGroup;
			children = (
				B0C472951DBB406300AFC498 /* QuickSpeechMemo */,
				B0C472941DBB406300AFC498 /* Products */,
				B0C472BD1DBB4F2E00AFC498 /* Framework */,
			);
			sourceTree = "<group>";
		};
		B0C472941DBB406300AFC498 /* Products */ = {
			isa = PBXGroup;
			children = (
				B0C472931DBB406300AFC498 /* QuickSpeechMemo.app */,
			);
			name = Products;
			sourceTree = "<group>";
		};
		B0C472951DBB406300AFC498 /* QuickSpeechMemo */ = {
			isa = PBXGroup;
			children = (
				B0C472A81DBB409E00AFC498 /* Model */,
				B0C472A91DBB40A900AFC498 /* Controller */,
				B0C472AA1DBB40BA00AFC498 /* View */,
				B0C472BE1DBB500000AFC498 /* Helper */,
				B0C472AB1DBB40E200AFC498 /* Support */,
				B0C472961DBB406300AFC498 /* AppDelegate.swift */,
				B0D569751DBB68480066DA96 /* Configure.swift */,
			);
			path = QuickSpeechMemo;
			sourceTree = "<group>";
		};
		B0C472A81DBB409E00AFC498 /* Model */ = {
			isa = PBXGroup;
			children = (
				B04FD0831DBE40C0004F424D /* Entry.swift */,
			);
			name = Model;
			sourceTree = "<group>";
		};
		B0C472A91DBB40A900AFC498 /* Controller */ = {
			isa = PBXGroup;
			children = (
				B0C472981DBB406300AFC498 /* TopViewController.swift */,
				B0D569731DBB64520066DA96 /* EditViewController.swift */,
				B04FD0851DBE4440004F424D /* ListViewController.swift */,
			);
			name = Controller;
			sourceTree = "<group>";
		};
		B0C472AA1DBB40BA00AFC498 /* View */ = {
			isa = PBXGroup;
			children = (
				B0C4729A1DBB406300AFC498 /* Main.storyboard */,
			);
			name = View;
			sourceTree = "<group>";
		};
		B0C472AB1DBB40E200AFC498 /* Support */ = {
			isa = PBXGroup;
			children = (
				B0C4729D1DBB406300AFC498 /* Assets.xcassets */,
				B0C4729F1DBB406300AFC498 /* LaunchScreen.storyboard */,
				B0C472A21DBB406300AFC498 /* Info.plist */,
			);
			name = Support;
			sourceTree = "<group>";
		};
		B0C472BD1DBB4F2E00AFC498 /* Framework */ = {
			isa = PBXGroup;
			children = (
				B0B1282F1DBB6AC5007617F6 /* Log.framework */,
				B0C472AC1DBB4ECA00AFC498 /* Async.framework */,
				B0C472AD1DBB4ECA00AFC498 /* Realm.framework */,
				B0C472AE1DBB4ECA00AFC498 /* RealmSwift.framework */,
				B0C472AF1DBB4ECA00AFC498 /* RxCocoa.framework */,
				B0C472B01DBB4ECA00AFC498 /* RxSwift.framework */,
			);
			name = Framework;
			sourceTree = "<group>";
		};
		B0C472BE1DBB500000AFC498 /* Helper */ = {
			isa = PBXGroup;
			children = (
				B0C472BF1DBB502D00AFC498 /* Utility.swift */,
				B0B128321DBB8F02007617F6 /* KYShutterButton.swift */,
			);
			name = Helper;
			sourceTree = "<group>";
		};
/* End PBXGroup section */

/* Begin PBXNativeTarget section */
		B0C472921DBB406300AFC498 /* QuickSpeechMemo */ = {
			isa = PBXNativeTarget;
			buildConfigurationList = B0C472A51DBB406300AFC498 /* Build configuration list for PBXNativeTarget "QuickSpeechMemo" */;
			buildPhases = (
				B0C4728F1DBB406300AFC498 /* Sources */,
				B0C472901DBB406300AFC498 /* Frameworks */,
				B0C472911DBB406300AFC498 /* Resources */,
				B0C472BB1DBB4ECA00AFC498 /* Embed Frameworks */,
				B0C472BC1DBB4ED300AFC498 /* ShellScript */,
			);
			buildRules = (
			);
			dependencies = (
			);
			name = QuickSpeechMemo;
			productName = QuickSpeechMemo;
			productReference = B0C472931DBB406300AFC498 /* QuickSpeechMemo.app */;
			productType = "com.apple.product-type.application";
		};
/* End PBXNativeTarget section */

/* Begin PBXProject section */
		B0C4728B1DBB406300AFC498 /* Project object */ = {
			isa = PBXProject;
			attributes = {
				LastSwiftUpdateCheck = 0800;
				LastUpgradeCheck = 0800;
				ORGANIZATIONNAME = "Naoki Nishiyama";
				TargetAttributes = {
					B0C472921DBB406300AFC498 = {
						CreatedOnToolsVersion = 8.0;
						ProvisioningStyle = Manual;
					};
				};
			};
			buildConfigurationList = B0C4728E1DBB406300AFC498 /* Build configuration list for PBXProject "QuickSpeechMemo" */;
			compatibilityVersion = "Xcode 3.2";
			developmentRegion = English;
			hasScannedForEncodings = 0;
			knownRegions = (
				en,
				Base,
			);
			mainGroup = B0C4728A1DBB406200AFC498;
			productRefGroup = B0C472941DBB406300AFC498 /* Products */;
			projectDirPath = "";
			projectRoot = "";
			targets = (
				B0C472921DBB406300AFC498 /* QuickSpeechMemo */,
			);
		};
/* End PBXProject section */

/* Begin PBXResourcesBuildPhase section */
		B0C472911DBB406300AFC498 /* Resources */ = {
			isa = PBXResourcesBuildPhase;
			buildActionMask = 2147483647;
			files = (
				B0C472A11DBB406300AFC498 /* LaunchScreen.storyboard in Resources */,
				B0C4729E1DBB406300AFC498 /* Assets.xcassets in Resources */,
				B0C4729C1DBB406300AFC498 /* Main.storyboard in Resources */,
			);
			runOnlyForDeploymentPostprocessing = 0;
		};
/* End PBXResourcesBuildPhase section */

/* Begin PBXShellScriptBuildPhase section */
		B0C472BC1DBB4ED300AFC498 /* ShellScript */ = {
			isa = PBXShellScriptBuildPhase;
			buildActionMask = 2147483647;
			files = (
			);
			inputPaths = (
				"$(SRCROOT)/Carthage/Build/iOS/Realm.framework",
				"$(SRCROOT)/Carthage/Build/iOS/RealmSwift.framework",
				"$(SRCROOT)/Carthage/Build/iOS/RxSwift.framework",
				"$(SRCROOT)/Carthage/Build/iOS/RxCocoa.framework",
				"$(SRCROOT)/Carthage/Build/iOS/Async.framework",
				"$(SRCROOT)/Carthage/Build/iOS/Log.framework",
			);
			outputPaths = (
			);
			runOnlyForDeploymentPostprocessing = 0;
			shellPath = /bin/sh;
			shellScript = "/usr/local/bin/carthage copy-frameworks";
		};
/* End PBXShellScriptBuildPhase section */

/* Begin PBXSourcesBuildPhase section */
		B0C4728F1DBB406300AFC498 /* Sources */ = {
			isa = PBXSourcesBuildPhase;
			buildActionMask = 2147483647;
			files = (
				B04FD0841DBE40C0004F424D /* Entry.swift in Sources */,
				B0D569741DBB64520066DA96 /* EditViewController.swift in Sources */,
				B0C472991DBB406300AFC498 /* TopViewController.swift in Sources */,
				B0C472971DBB406300AFC498 /* AppDelegate.swift in Sources */,
				B0B128331DBB8F02007617F6 /* KYShutterButton.swift in Sources */,
				B0C472C01DBB502D00AFC498 /* Utility.swift in Sources */,
				B04FD0861DBE4440004F424D /* ListViewController.swift in Sources */,
				B0D569761DBB68480066DA96 /* Configure.swift in Sources */,
			);
			runOnlyForDeploymentPostprocessing = 0;
		};
/* End PBXSourcesBuildPhase section */

/* Begin PBXVariantGroup section */
		B0C4729A1DBB406300AFC498 /* Main.storyboard */ = {
			isa = PBXVariantGroup;
			children = (
				B0C4729B1DBB406300AFC498 /* Base */,
			);
			name = Main.storyboard;
			sourceTree = "<group>";
		};
		B0C4729F1DBB406300AFC498 /* LaunchScreen.storyboard */ = {
			isa = PBXVariantGroup;
			children = (
				B0C472A01DBB406300AFC498 /* Base */,
			);
			name = LaunchScreen.storyboard;
			sourceTree = "<group>";
		};
/* End PBXVariantGroup section */

/* Begin XCBuildConfiguration section */
		B0C472A31DBB406300AFC498 /* Debug */ = {
			isa = XCBuildConfiguration;
			buildSettings = {
				ALWAYS_SEARCH_USER_PATHS = NO;
				CLANG_ANALYZER_NONNULL = YES;
				CLANG_CXX_LANGUAGE_STANDARD = "gnu++0x";
				CLANG_CXX_LIBRARY = "libc++";
				CLANG_ENABLE_MODULES = YES;
				CLANG_ENABLE_OBJC_ARC = YES;
				CLANG_WARN_BOOL_CONVERSION = YES;
				CLANG_WARN_CONSTANT_CONVERSION = YES;
				CLANG_WARN_DIRECT_OBJC_ISA_USAGE = YES_ERROR;
				CLANG_WARN_DOCUMENTATION_COMMENTS = YES;
				CLANG_WARN_EMPTY_BODY = YES;
				CLANG_WARN_ENUM_CONVERSION = YES;
				CLANG_WARN_INFINITE_RECURSION = YES;
				CLANG_WARN_INT_CONVERSION = YES;
				CLANG_WARN_OBJC_ROOT_CLASS = YES_ERROR;
				CLANG_WARN_SUSPICIOUS_MOVES = YES;
				CLANG_WARN_UNREACHABLE_CODE = YES;
				CLANG_WARN__DUPLICATE_METHOD_MATCH = YES;
				"CODE_SIGN_IDENTITY[sdk=iphoneos*]" = "iPhone Developer";
				COPY_PHASE_STRIP = NO;
				DEBUG_INFORMATION_FORMAT = dwarf;
				ENABLE_STRICT_OBJC_MSGSEND = YES;
				ENABLE_TESTABILITY = YES;
				GCC_C_LANGUAGE_STANDARD = gnu99;
				GCC_DYNAMIC_NO_PIC = NO;
				GCC_NO_COMMON_BLOCKS = YES;
				GCC_OPTIMIZATION_LEVEL = 0;
				GCC_PREPROCESSOR_DEFINITIONS = (
					"DEBUG=1",
					"$(inherited)",
				);
				GCC_WARN_64_TO_32_BIT_CONVERSION = YES;
				GCC_WARN_ABOUT_RETURN_TYPE = YES_ERROR;
				GCC_WARN_UNDECLARED_SELECTOR = YES;
				GCC_WARN_UNINITIALIZED_AUTOS = YES_AGGRESSIVE;
				GCC_WARN_UNUSED_FUNCTION = YES;
				GCC_WARN_UNUSED_VARIABLE = YES;
				IPHONEOS_DEPLOYMENT_TARGET = 10.0;
				MTL_ENABLE_DEBUG_INFO = YES;
				ONLY_ACTIVE_ARCH = YES;
				SDKROOT = iphoneos;
				SWIFT_ACTIVE_COMPILATION_CONDITIONS = DEBUG;
				SWIFT_OPTIMIZATION_LEVEL = "-Onone";
			};
			name = Debug;
		};
		B0C472A41DBB406300AFC498 /* Release */ = {
			isa = XCBuildConfiguration;
			buildSettings = {
				ALWAYS_SEARCH_USER_PATHS = NO;
				CLANG_ANALYZER_NONNULL = YES;
				CLANG_CXX_LANGUAGE_STANDARD = "gnu++0x";
				CLANG_CXX_LIBRARY = "libc++";
				CLANG_ENABLE_MODULES = YES;
				CLANG_ENABLE_OBJC_ARC = YES;
				CLANG_WARN_BOOL_CONVERSION = YES;
				CLANG_WARN_CONSTANT_CONVERSION = YES;
				CLANG_WARN_DIRECT_OBJC_ISA_USAGE = YES_ERROR;
				CLANG_WARN_DOCUMENTATION_COMMENTS = YES;
				CLANG_WARN_EMPTY_BODY = YES;
				CLANG_WARN_ENUM_CONVERSION = YES;
				CLANG_WARN_INFINITE_RECURSION = YES;
				CLANG_WARN_INT_CONVERSION = YES;
				CLANG_WARN_OBJC_ROOT_CLASS = YES_ERROR;
				CLANG_WARN_SUSPICIOUS_MOVES = YES;
				CLANG_WARN_UNREACHABLE_CODE = YES;
				CLANG_WARN__DUPLICATE_METHOD_MATCH = YES;
				"CODE_SIGN_IDENTITY[sdk=iphoneos*]" = "iPhone Developer";
				COPY_PHASE_STRIP = NO;
				DEBUG_INFORMATION_FORMAT = "dwarf-with-dsym";
				ENABLE_NS_ASSERTIONS = NO;
				ENABLE_STRICT_OBJC_MSGSEND = YES;
				GCC_C_LANGUAGE_STANDARD = gnu99;
				GCC_NO_COMMON_BLOCKS = YES;
				GCC_WARN_64_TO_32_BIT_CONVERSION = YES;
				GCC_WARN_ABOUT_RETURN_TYPE = YES_ERROR;
				GCC_WARN_UNDECLARED_SELECTOR = YES;
				GCC_WARN_UNINITIALIZED_AUTOS = YES_AGGRESSIVE;
				GCC_WARN_UNUSED_FUNCTION = YES;
				GCC_WARN_UNUSED_VARIABLE = YES;
				IPHONEOS_DEPLOYMENT_TARGET = 10.0;
				MTL_ENABLE_DEBUG_INFO = NO;
				SDKROOT = iphoneos;
				SWIFT_OPTIMIZATION_LEVEL = "-Owholemodule";
				VALIDATE_PRODUCT = YES;
			};
			name = Release;
		};
		B0C472A61DBB406300AFC498 /* Debug */ = {
			isa = XCBuildConfiguration;
			buildSettings = {
				ASSETCATALOG_COMPILER_APPICON_NAME = AppIcon;
				"CODE_SIGN_IDENTITY[sdk=iphoneos*]" = "iPhone Developer";
				DEVELOPMENT_TEAM = "";
				FRAMEWORK_SEARCH_PATHS = (
					"$(inherited)",
					"$(PROJECT_DIR)/Carthage/Build/iOS",
				);
				INFOPLIST_FILE = QuickSpeechMemo/Info.plist;
				IPHONEOS_DEPLOYMENT_TARGET = 10.0;
				LD_RUNPATH_SEARCH_PATHS = "$(inherited) @executable_path/Frameworks";
				PRODUCT_BUNDLE_IDENTIFIER = naoki.nishiyama.QuickSpeechMemo;
				PRODUCT_NAME = "$(TARGET_NAME)";
				SWIFT_VERSION = 3.0;
			};
			name = Debug;
		};
		B0C472A71DBB406300AFC498 /* Release */ = {
			isa = XCBuildConfiguration;
			buildSettings = {
				ASSETCATALOG_COMPILER_APPICON_NAME = AppIcon;
				"CODE_SIGN_IDENTITY[sdk=iphoneos*]" = "iPhone Developer";
				DEVELOPMENT_TEAM = "";
				FRAMEWORK_SEARCH_PATHS = (
					"$(inherited)",
					"$(PROJECT_DIR)/Carthage/Build/iOS",
				);
				INFOPLIST_FILE = QuickSpeechMemo/Info.plist;
				IPHONEOS_DEPLOYMENT_TARGET = 10.0;
				LD_RUNPATH_SEARCH_PATHS = "$(inherited) @executable_path/Frameworks";
				PRODUCT_BUNDLE_IDENTIFIER = naoki.nishiyama.QuickSpeechMemo;
				PRODUCT_NAME = "$(TARGET_NAME)";
				SWIFT_VERSION = 3.0;
			};
			name = Release;
		};
/* End XCBuildConfiguration section */

/* Begin XCConfigurationList section */
		B0C4728E1DBB406300AFC498 /* Build configuration list for PBXProject "QuickSpeechMemo" */ = {
			isa = XCConfigurationList;
			buildConfigurations = (
				B0C472A31DBB406300AFC498 /* Debug */,
				B0C472A41DBB406300AFC498 /* Release */,
			);
			defaultConfigurationIsVisible = 0;
			defaultConfigurationName = Release;
		};
		B0C472A51DBB406300AFC498 /* Build configuration list for PBXNativeTarget "QuickSpeechMemo" */ = {
			isa = XCConfigurationList;
			buildConfigurations = (
				B0C472A61DBB406300AFC498 /* Debug */,
				B0C472A71DBB406300AFC498 /* Release */,
			);
			defaultConfigurationIsVisible = 0;
			defaultConfigurationName = Release;
		};
/* End XCConfigurationList section */
	};
	rootObject = B0C4728B1DBB406300AFC498 /* Project object */;
}
